// !$*UTF8*$!
{
	archiveVersion = 1;
	classes = {
	};
	objectVersion = 50;
	objects = {

/* Begin PBXBuildFile section */
		04122E3F21CA59ED002A70A1 /* AppDelegate.swift in Sources */ = {isa = PBXBuildFile; fileRef = 04122E3E21CA59ED002A70A1 /* AppDelegate.swift */; };
		04122E4721CA59ED002A70A1 /* TabSwitcher.xcdatamodeld in Sources */ = {isa = PBXBuildFile; fileRef = 04122E4521CA59ED002A70A1 /* TabSwitcher.xcdatamodeld */; };
		04122E4921CA59F0002A70A1 /* Assets.xcassets in Resources */ = {isa = PBXBuildFile; fileRef = 04122E4821CA59F0002A70A1 /* Assets.xcassets */; };
		04122E4C21CA59F0002A70A1 /* LaunchScreen.storyboard in Resources */ = {isa = PBXBuildFile; fileRef = 04122E4A21CA59F0002A70A1 /* LaunchScreen.storyboard */; };
		04122E5421CA5B79002A70A1 /* TabSwitcher.storyboard in Resources */ = {isa = PBXBuildFile; fileRef = 04122E5321CA5B79002A70A1 /* TabSwitcher.storyboard */; };
		04122E5621CA5E36002A70A1 /* TabSwitcherViewController.swift in Sources */ = {isa = PBXBuildFile; fileRef = 04122E5521CA5E36002A70A1 /* TabSwitcherViewController.swift */; };
		04122E5D21CA6EBA002A70A1 /* TabView.swift in Sources */ = {isa = PBXBuildFile; fileRef = 04122E5C21CA6EBA002A70A1 /* TabView.swift */; };
		045D992821CAB05100ACFB57 /* Storyboardable.swift in Sources */ = {isa = PBXBuildFile; fileRef = 045D992721CAB05100ACFB57 /* Storyboardable.swift */; };
		045D992B21CAB14F00ACFB57 /* StoryboardName.swift in Sources */ = {isa = PBXBuildFile; fileRef = 045D992A21CAB14F00ACFB57 /* StoryboardName.swift */; };
		0464CD8921DCC09A00F7B87F /* TabBar.swift in Sources */ = {isa = PBXBuildFile; fileRef = 0464CD8821DCC09A00F7B87F /* TabBar.swift */; };
		0464CD8B21DE11A200F7B87F /* TabSwitchAnimator.swift in Sources */ = {isa = PBXBuildFile; fileRef = 0464CD8A21DE11A200F7B87F /* TabSwitchAnimator.swift */; };
		0464CD8D21DE73C000F7B87F /* LeftVC.storyboard in Resources */ = {isa = PBXBuildFile; fileRef = 0464CD8C21DE73C000F7B87F /* LeftVC.storyboard */; };
		0464CD8F21DE73D400F7B87F /* RightVC.storyboard in Resources */ = {isa = PBXBuildFile; fileRef = 0464CD8E21DE73D400F7B87F /* RightVC.storyboard */; };
		0464CD9221DE743C00F7B87F /* LeftViewController.swift in Sources */ = {isa = PBXBuildFile; fileRef = 0464CD9121DE743C00F7B87F /* LeftViewController.swift */; };
		0464CD9421DE744500F7B87F /* RightViewController.swift in Sources */ = {isa = PBXBuildFile; fileRef = 0464CD9321DE744500F7B87F /* RightViewController.swift */; };
		0464CD9621DF484000F7B87F /* ContainerViewEmbedder.swift in Sources */ = {isa = PBXBuildFile; fileRef = 0464CD9521DF484000F7B87F /* ContainerViewEmbedder.swift */; };
/* End PBXBuildFile section */

/* Begin PBXFileReference section */
		04122E3B21CA59ED002A70A1 /* TabSwitcher.app */ = {isa = PBXFileReference; explicitFileType = wrapper.application; includeInIndex = 0; path = TabSwitcher.app; sourceTree = BUILT_PRODUCTS_DIR; };
		04122E3E21CA59ED002A70A1 /* AppDelegate.swift */ = {isa = PBXFileReference; lastKnownFileType = sourcecode.swift; path = AppDelegate.swift; sourceTree = "<group>"; };
		04122E4621CA59ED002A70A1 /* TabSwitcher.xcdatamodel */ = {isa = PBXFileReference; lastKnownFileType = wrapper.xcdatamodel; path = TabSwitcher.xcdatamodel; sourceTree = "<group>"; };
		04122E4821CA59F0002A70A1 /* Assets.xcassets */ = {isa = PBXFileReference; lastKnownFileType = folder.assetcatalog; path = Assets.xcassets; sourceTree = "<group>"; };
		04122E4B21CA59F0002A70A1 /* Base */ = {isa = PBXFileReference; lastKnownFileType = file.storyboard; name = Base; path = Base.lproj/LaunchScreen.storyboard; sourceTree = "<group>"; };
		04122E4D21CA59F0002A70A1 /* Info.plist */ = {isa = PBXFileReference; lastKnownFileType = text.plist.xml; path = Info.plist; sourceTree = "<group>"; };
		04122E5321CA5B79002A70A1 /* TabSwitcher.storyboard */ = {isa = PBXFileReference; lastKnownFileType = file.storyboard; path = TabSwitcher.storyboard; sourceTree = "<group>"; };
		04122E5521CA5E36002A70A1 /* TabSwitcherViewController.swift */ = {isa = PBXFileReference; lastKnownFileType = sourcecode.swift; path = TabSwitcherViewController.swift; sourceTree = "<group>"; };
		04122E5C21CA6EBA002A70A1 /* TabView.swift */ = {isa = PBXFileReference; lastKnownFileType = sourcecode.swift; path = TabView.swift; sourceTree = "<group>"; };
		045D992721CAB05100ACFB57 /* Storyboardable.swift */ = {isa = PBXFileReference; lastKnownFileType = sourcecode.swift; path = Storyboardable.swift; sourceTree = "<group>"; };
		045D992A21CAB14F00ACFB57 /* StoryboardName.swift */ = {isa = PBXFileReference; lastKnownFileType = sourcecode.swift; path = StoryboardName.swift; sourceTree = "<group>"; };
		0464CD8821DCC09A00F7B87F /* TabBar.swift */ = {isa = PBXFileReference; lastKnownFileType = sourcecode.swift; path = TabBar.swift; sourceTree = "<group>"; };
		0464CD8A21DE11A200F7B87F /* TabSwitchAnimator.swift */ = {isa = PBXFileReference; lastKnownFileType = sourcecode.swift; path = TabSwitchAnimator.swift; sourceTree = "<group>"; };
		0464CD8C21DE73C000F7B87F /* LeftVC.storyboard */ = {isa = PBXFileReference; lastKnownFileType = file.storyboard; path = LeftVC.storyboard; sourceTree = "<group>"; };
		0464CD8E21DE73D400F7B87F /* RightVC.storyboard */ = {isa = PBXFileReference; lastKnownFileType = file.storyboard; path = RightVC.storyboard; sourceTree = "<group>"; };
		0464CD9121DE743C00F7B87F /* LeftViewController.swift */ = {isa = PBXFileReference; lastKnownFileType = sourcecode.swift; path = LeftViewController.swift; sourceTree = "<group>"; };
		0464CD9321DE744500F7B87F /* RightViewController.swift */ = {isa = PBXFileReference; lastKnownFileType = sourcecode.swift; path = RightViewController.swift; sourceTree = "<group>"; };
		0464CD9521DF484000F7B87F /* ContainerViewEmbedder.swift */ = {isa = PBXFileReference; lastKnownFileType = sourcecode.swift; path = ContainerViewEmbedder.swift; sourceTree = "<group>"; };
/* End PBXFileReference section */

/* Begin PBXFrameworksBuildPhase section */
		04122E3821CA59ED002A70A1 /* Frameworks */ = {
			isa = PBXFrameworksBuildPhase;
			buildActionMask = 2147483647;
			files = (
			);
			runOnlyForDeploymentPostprocessing = 0;
		};
/* End PBXFrameworksBuildPhase section */

/* Begin PBXGroup section */
		04122E3221CA59ED002A70A1 = {
			isa = PBXGroup;
			children = (
				04122E3D21CA59ED002A70A1 /* TabSwitcher */,
				04122E3C21CA59ED002A70A1 /* Products */,
			);
			sourceTree = "<group>";
		};
		04122E3C21CA59ED002A70A1 /* Products */ = {
			isa = PBXGroup;
			children = (
				04122E3B21CA59ED002A70A1 /* TabSwitcher.app */,
			);
			name = Products;
			sourceTree = "<group>";
		};
		04122E3D21CA59ED002A70A1 /* TabSwitcher */ = {
			isa = PBXGroup;
			children = (
				04122E3E21CA59ED002A70A1 /* AppDelegate.swift */,
				04122E5321CA5B79002A70A1 /* TabSwitcher.storyboard */,
				0464CD8C21DE73C000F7B87F /* LeftVC.storyboard */,
				0464CD8E21DE73D400F7B87F /* RightVC.storyboard */,
				045D992921CAB13800ACFB57 /* Storyboardable */,
				0464CD9521DF484000F7B87F /* ContainerViewEmbedder.swift */,
				04122E5B21CA60E3002A70A1 /* TabSwitcher */,
				0464CD9021DE740400F7B87F /* Container View Controllers */,
				04122E4821CA59F0002A70A1 /* Assets.xcassets */,
				04122E4A21CA59F0002A70A1 /* LaunchScreen.storyboard */,
				04122E4D21CA59F0002A70A1 /* Info.plist */,
				04122E4521CA59ED002A70A1 /* TabSwitcher.xcdatamodeld */,
			);
			path = TabSwitcher;
			sourceTree = "<group>";
		};
		04122E5B21CA60E3002A70A1 /* TabSwitcher */ = {
			isa = PBXGroup;
			children = (
				04122E5521CA5E36002A70A1 /* TabSwitcherViewController.swift */,
				0464CD8A21DE11A200F7B87F /* TabSwitchAnimator.swift */,
				04122E5C21CA6EBA002A70A1 /* TabView.swift */,
				0464CD8821DCC09A00F7B87F /* TabBar.swift */,
			);
			path = TabSwitcher;
			sourceTree = "<group>";
		};
		045D992921CAB13800ACFB57 /* Storyboardable */ = {
			isa = PBXGroup;
			children = (
				045D992721CAB05100ACFB57 /* Storyboardable.swift */,
				045D992A21CAB14F00ACFB57 /* StoryboardName.swift */,
			);
			path = Storyboardable;
			sourceTree = "<group>";
		};
		0464CD9021DE740400F7B87F /* Container View Controllers */ = {
			isa = PBXGroup;
			children = (
				0464CD9121DE743C00F7B87F /* LeftViewController.swift */,
				0464CD9321DE744500F7B87F /* RightViewController.swift */,
			);
			path = "Container View Controllers";
			sourceTree = "<group>";
		};
/* End PBXGroup section */

/* Begin PBXNativeTarget section */
		04122E3A21CA59ED002A70A1 /* TabSwitcher */ = {
			isa = PBXNativeTarget;
			buildConfigurationList = 04122E5021CA59F0002A70A1 /* Build configuration list for PBXNativeTarget "TabSwitcher" */;
			buildPhases = (
				04122E3721CA59ED002A70A1 /* Sources */,
				04122E3821CA59ED002A70A1 /* Frameworks */,
				04122E3921CA59ED002A70A1 /* Resources */,
			);
			buildRules = (
			);
			dependencies = (
			);
			name = TabSwitcher;
			productName = TabSwitcher;
			productReference = 04122E3B21CA59ED002A70A1 /* TabSwitcher.app */;
			productType = "com.apple.product-type.application";
		};
/* End PBXNativeTarget section */

/* Begin PBXProject section */
		04122E3321CA59ED002A70A1 /* Project object */ = {
			isa = PBXProject;
			attributes = {
				LastSwiftUpdateCheck = 1010;
				LastUpgradeCheck = 1010;
				ORGANIZATIONNAME = Mac;
				TargetAttributes = {
					04122E3A21CA59ED002A70A1 = {
						CreatedOnToolsVersion = 10.1;
					};
				};
			};
			buildConfigurationList = 04122E3621CA59ED002A70A1 /* Build configuration list for PBXProject "TabSwitcher" */;
			compatibilityVersion = "Xcode 9.3";
			developmentRegion = en;
			hasScannedForEncodings = 0;
			knownRegions = (
				en,
				Base,
			);
			mainGroup = 04122E3221CA59ED002A70A1;
			productRefGroup = 04122E3C21CA59ED002A70A1 /* Products */;
			projectDirPath = "";
			projectRoot = "";
			targets = (
				04122E3A21CA59ED002A70A1 /* TabSwitcher */,
			);
		};
/* End PBXProject section */

/* Begin PBXResourcesBuildPhase section */
		04122E3921CA59ED002A70A1 /* Resources */ = {
			isa = PBXResourcesBuildPhase;
			buildActionMask = 2147483647;
			files = (
				0464CD8F21DE73D400F7B87F /* RightVC.storyboard in Resources */,
				0464CD8D21DE73C000F7B87F /* LeftVC.storyboard in Resources */,
				04122E4C21CA59F0002A70A1 /* LaunchScreen.storyboard in Resources */,
				04122E5421CA5B79002A70A1 /* TabSwitcher.storyboard in Resources */,
				04122E4921CA59F0002A70A1 /* Assets.xcassets in Resources */,
			);
			runOnlyForDeploymentPostprocessing = 0;
		};
/* End PBXResourcesBuildPhase section */

/* Begin PBXSourcesBuildPhase section */
		04122E3721CA59ED002A70A1 /* Sources */ = {
			isa = PBXSourcesBuildPhase;
			buildActionMask = 2147483647;
			files = (
				045D992B21CAB14F00ACFB57 /* StoryboardName.swift in Sources */,
				04122E4721CA59ED002A70A1 /* TabSwitcher.xcdatamodeld in Sources */,
				045D992821CAB05100ACFB57 /* Storyboardable.swift in Sources */,
				0464CD9421DE744500F7B87F /* RightViewController.swift in Sources */,
				0464CD9221DE743C00F7B87F /* LeftViewController.swift in Sources */,
				0464CD9621DF484000F7B87F /* ContainerViewEmbedder.swift in Sources */,
				0464CD8921DCC09A00F7B87F /* TabBar.swift in Sources */,
				04122E5621CA5E36002A70A1 /* TabSwitcherViewController.swift in Sources */,
				04122E5D21CA6EBA002A70A1 /* TabView.swift in Sources */,
				0464CD8B21DE11A200F7B87F /* TabSwitchAnimator.swift in Sources */,
				04122E3F21CA59ED002A70A1 /* AppDelegate.swift in Sources */,
			);
			runOnlyForDeploymentPostprocessing = 0;
		};
/* End PBXSourcesBuildPhase section */

/* Begin PBXVariantGroup section */
		04122E4A21CA59F0002A70A1 /* LaunchScreen.storyboard */ = {
			isa = PBXVariantGroup;
			children = (
				04122E4B21CA59F0002A70A1 /* Base */,
			);
			name = LaunchScreen.storyboard;
			sourceTree = "<group>";
		};
/* End PBXVariantGroup section */

/* Begin XCBuildConfiguration section */
		04122E4E21CA59F0002A70A1 /* Debug */ = {
			isa = XCBuildConfiguration;
			buildSettings = {
				ALWAYS_SEARCH_USER_PATHS = NO;
				CLANG_ANALYZER_NONNULL = YES;
				CLANG_ANALYZER_NUMBER_OBJECT_CONVERSION = YES_AGGRESSIVE;
				CLANG_CXX_LANGUAGE_STANDARD = "gnu++14";
				CLANG_CXX_LIBRARY = "libc++";
				CLANG_ENABLE_MODULES = YES;
				CLANG_ENABLE_OBJC_ARC = YES;
				CLANG_ENABLE_OBJC_WEAK = YES;
				CLANG_WARN_BLOCK_CAPTURE_AUTORELEASING = YES;
				CLANG_WARN_BOOL_CONVERSION = YES;
				CLANG_WARN_COMMA = YES;
				CLANG_WARN_CONSTANT_CONVERSION = YES;
				CLANG_WARN_DEPRECATED_OBJC_IMPLEMENTATIONS = YES;
				CLANG_WARN_DIRECT_OBJC_ISA_USAGE = YES_ERROR;
				CLANG_WARN_DOCUMENTATION_COMMENTS = YES;
				CLANG_WARN_EMPTY_BODY = YES;
				CLANG_WARN_ENUM_CONVERSION = YES;
				CLANG_WARN_INFINITE_RECURSION = YES;
				CLANG_WARN_INT_CONVERSION = YES;
				CLANG_WARN_NON_LITERAL_NULL_CONVERSION = YES;
				CLANG_WARN_OBJC_IMPLICIT_RETAIN_SELF = YES;
				CLANG_WARN_OBJC_LITERAL_CONVERSION = YES;
				CLANG_WARN_OBJC_ROOT_CLASS = YES_ERROR;
				CLANG_WARN_RANGE_LOOP_ANALYSIS = YES;
				CLANG_WARN_STRICT_PROTOTYPES = YES;
				CLANG_WARN_SUSPICIOUS_MOVE = YES;
				CLANG_WARN_UNGUARDED_AVAILABILITY = YES_AGGRESSIVE;
				CLANG_WARN_UNREACHABLE_CODE = YES;
				CLANG_WARN__DUPLICATE_METHOD_MATCH = YES;
				CODE_SIGN_IDENTITY = "iPhone Developer";
				COPY_PHASE_STRIP = NO;
				DEBUG_INFORMATION_FORMAT = dwarf;
				ENABLE_STRICT_OBJC_MSGSEND = YES;
				ENABLE_TESTABILITY = YES;
				GCC_C_LANGUAGE_STANDARD = gnu11;
				GCC_DYNAMIC_NO_PIC = NO;
				GCC_NO_COMMON_BLOCKS = YES;
				GCC_OPTIMIZATION_LEVEL = 0;
				GCC_PREPROCESSOR_DEFINITIONS = (
					"DEBUG=1",
					"$(inherited)",
				);
				GCC_WARN_64_TO_32_BIT_CONVERSION = YES;
				GCC_WARN_ABOUT_RETURN_TYPE = YES_ERROR;
				GCC_WARN_UNDECLARED_SELECTOR = YES;
				GCC_WARN_UNINITIALIZED_AUTOS = YES_AGGRESSIVE;
				GCC_WARN_UNUSED_FUNCTION = YES;
				GCC_WARN_UNUSED_VARIABLE = YES;
				IPHONEOS_DEPLOYMENT_TARGET = 12.1;
				MTL_ENABLE_DEBUG_INFO = INCLUDE_SOURCE;
				MTL_FAST_MATH = YES;
				ONLY_ACTIVE_ARCH = YES;
				SDKROOT = iphoneos;
				SWIFT_ACTIVE_COMPILATION_CONDITIONS = DEBUG;
				SWIFT_OPTIMIZATION_LEVEL = "-Onone";
			};
			name = Debug;
		};
		04122E4F21CA59F0002A70A1 /* Release */ = {
			isa = XCBuildConfiguration;
			buildSettings = {
				ALWAYS_SEARCH_USER_PATHS = NO;
				CLANG_ANALYZER_NONNULL = YES;
				CLANG_ANALYZER_NUMBER_OBJECT_CONVERSION = YES_AGGRESSIVE;
				CLANG_CXX_LANGUAGE_STANDARD = "gnu++14";
				CLANG_CXX_LIBRARY = "libc++";
				CLANG_ENABLE_MODULES = YES;
				CLANG_ENABLE_OBJC_ARC = YES;
				CLANG_ENABLE_OBJC_WEAK = YES;
				CLANG_WARN_BLOCK_CAPTURE_AUTORELEASING = YES;
				CLANG_WARN_BOOL_CONVERSION = YES;
				CLANG_WARN_COMMA = YES;
				CLANG_WARN_CONSTANT_CONVERSION = YES;
				CLANG_WARN_DEPRECATED_OBJC_IMPLEMENTATIONS = YES;
				CLANG_WARN_DIRECT_OBJC_ISA_USAGE = YES_ERROR;
				CLANG_WARN_DOCUMENTATION_COMMENTS = YES;
				CLANG_WARN_EMPTY_BODY = YES;
				CLANG_WARN_ENUM_CONVERSION = YES;
				CLANG_WARN_INFINITE_RECURSION = YES;
				CLANG_WARN_INT_CONVERSION = YES;
				CLANG_WARN_NON_LITERAL_NULL_CONVERSION = YES;
				CLANG_WARN_OBJC_IMPLICIT_RETAIN_SELF = YES;
				CLANG_WARN_OBJC_LITERAL_CONVERSION = YES;
				CLANG_WARN_OBJC_ROOT_CLASS = YES_ERROR;
				CLANG_WARN_RANGE_LOOP_ANALYSIS = YES;
				CLANG_WARN_STRICT_PROTOTYPES = YES;
				CLANG_WARN_SUSPICIOUS_MOVE = YES;
				CLANG_WARN_UNGUARDED_AVAILABILITY = YES_AGGRESSIVE;
				CLANG_WARN_UNREACHABLE_CODE = YES;
				CLANG_WARN__DUPLICATE_METHOD_MATCH = YES;
				CODE_SIGN_IDENTITY = "iPhone Developer";
				COPY_PHASE_STRIP = NO;
				DEBUG_INFORMATION_FORMAT = "dwarf-with-dsym";
				ENABLE_NS_ASSERTIONS = NO;
				ENABLE_STRICT_OBJC_MSGSEND = YES;
				GCC_C_LANGUAGE_STANDARD = gnu11;
				GCC_NO_COMMON_BLOCKS = YES;
				GCC_WARN_64_TO_32_BIT_CONVERSION = YES;
				GCC_WARN_ABOUT_RETURN_TYPE = YES_ERROR;
				GCC_WARN_UNDECLARED_SELECTOR = YES;
				GCC_WARN_UNINITIALIZED_AUTOS = YES_AGGRESSIVE;
				GCC_WARN_UNUSED_FUNCTION = YES;
				GCC_WARN_UNUSED_VARIABLE = YES;
				IPHONEOS_DEPLOYMENT_TARGET = 12.1;
				MTL_ENABLE_DEBUG_INFO = NO;
				MTL_FAST_MATH = YES;
				SDKROOT = iphoneos;
				SWIFT_COMPILATION_MODE = wholemodule;
				SWIFT_OPTIMIZATION_LEVEL = "-O";
				VALIDATE_PRODUCT = YES;
			};
			name = Release;
		};
		04122E5121CA59F0002A70A1 /* Debug */ = {
			isa = XCBuildConfiguration;
			buildSettings = {
				ASSETCATALOG_COMPILER_APPICON_NAME = AppIcon;
				CODE_SIGN_STYLE = Automatic;
				DEVELOPMENT_TEAM = 75SMYU6JAM;
				INFOPLIST_FILE = TabSwitcher/Info.plist;
				LD_RUNPATH_SEARCH_PATHS = (
					"$(inherited)",
					"@executable_path/Frameworks",
				);
				PRODUCT_BUNDLE_IDENTIFIER = com.Fig.TabSwitcher;
				PRODUCT_NAME = "$(TARGET_NAME)";
				SWIFT_VERSION = 4.2;
				TARGETED_DEVICE_FAMILY = "1,2";
			};
			name = Debug;
		};
		04122E5221CA59F0002A70A1 /* Release */ = {
			isa = XCBuildConfiguration;
			buildSettings = {
				ASSETCATALOG_COMPILER_APPICON_NAME = AppIcon;
				CODE_SIGN_STYLE = Automatic;
				DEVELOPMENT_TEAM = 75SMYU6JAM;
				INFOPLIST_FILE = TabSwitcher/Info.plist;
				LD_RUNPATH_SEARCH_PATHS = (
					"$(inherited)",
					"@executable_path/Frameworks",
				);
				PRODUCT_BUNDLE_IDENTIFIER = com.Fig.TabSwitcher;
				PRODUCT_NAME = "$(TARGET_NAME)";
				SWIFT_VERSION = 4.2;
				TARGETED_DEVICE_FAMILY = "1,2";
			};
			name = Release;
		};
/* End XCBuildConfiguration section */

/* Begin XCConfigurationList section */
		04122E3621CA59ED002A70A1 /* Build configuration list for PBXProject "TabSwitcher" */ = {
			isa = XCConfigurationList;
			buildConfigurations = (
				04122E4E21CA59F0002A70A1 /* Debug */,
				04122E4F21CA59F0002A70A1 /* Release */,
			);
			defaultConfigurationIsVisible = 0;
			defaultConfigurationName = Release;
		};
		04122E5021CA59F0002A70A1 /* Build configuration list for PBXNativeTarget "TabSwitcher" */ = {
			isa = XCConfigurationList;
			buildConfigurations = (
				04122E5121CA59F0002A70A1 /* Debug */,
				04122E5221CA59F0002A70A1 /* Release */,
			);
			defaultConfigurationIsVisible = 0;
			defaultConfigurationName = Release;
		};
/* End XCConfigurationList section */

/* Begin XCVersionGroup section */
		04122E4521CA59ED002A70A1 /* TabSwitcher.xcdatamodeld */ = {
			isa = XCVersionGroup;
			children = (
				04122E4621CA59ED002A70A1 /* TabSwitcher.xcdatamodel */,
			);
			currentVersion = 04122E4621CA59ED002A70A1 /* TabSwitcher.xcdatamodel */;
			path = TabSwitcher.xcdatamodeld;
			sourceTree = "<group>";
			versionGroupType = wrapper.xcdatamodel;
		};
/* End XCVersionGroup section */
	};
	rootObject = 04122E3321CA59ED002A70A1 /* Project object */;
}
